
Microsoft Visual Studio Solution File, Format Version 12.00
# Visual Studio Version 17
VisualStudioVersion = 17.5.33530.505
MinimumVisualStudioVersion = 10.0.40219.1
Project("{FAE04EC0-301F-11D3-BF4B-00C04F79EFBC}") = "Task2", "Task2.csproj", "{BE42154D-681B-4CF0-8403-70D1160BE2F3}"
EndProject
Global
	GlobalSection(SolutionConfigurationPlatforms) = preSolution
		Debug|Any CPU = Debug|Any CPU
		Release|Any CPU = Release|Any CPU
	EndGlobalSection
	GlobalSection(ProjectConfigurationPlatforms) = postSolution
		{BE42154D-681B-4CF0-8403-70D1160BE2F3}.Debug|Any CPU.ActiveCfg = Debug|Any CPU
		{BE42154D-681B-4CF0-8403-70D1160BE2F3}.Debug|Any CPU.Build.0 = Debug|Any CPU
		{BE42154D-681B-4CF0-8403-70D1160BE2F3}.Release|Any CPU.ActiveCfg = Release|Any CPU
		{BE42154D-681B-4CF0-8403-70D1160BE2F3}.Release|Any CPU.Build.0 = Release|Any CPU
	EndGlobalSection
	GlobalSection(SolutionProperties) = preSolution
		HideSolutionNode = FALSE
	EndGlobalSection
	GlobalSection(ExtensibilityGlobals) = postSolution
		SolutionGuid = {D8A3AD16-2A3C-4D42-B75E-302AF771F35F}
	EndGlobalSection
EndGlobal
